
Microsoft Visual Studio Solution File, Format Version 12.00
# Visual Studio Version 17
VisualStudioVersion = 17.1.32328.378
MinimumVisualStudioVersion = 10.0.40219.1
Project("{FAE04EC0-301F-11D3-BF4B-00C04F79EFBC}") = "WinFormsApp_EF_Ders2_Part1", "WinFormsApp_EF_Ders2_Part1\WinFormsApp_EF_Ders2_Part1.csproj", "{37B0AE2A-663A-4A86-A0F5-2A6AD1A826AB}"
EndProject
Global
	GlobalSection(SolutionConfigurationPlatforms) = preSolution
		Debug|Any CPU = Debug|Any CPU
		Release|Any CPU = Release|Any CPU
	EndGlobalSection
	GlobalSection(ProjectConfigurationPlatforms) = postSolution
		{37B0AE2A-663A-4A86-A0F5-2A6AD1A826AB}.Debug|Any CPU.ActiveCfg = Debug|Any CPU
		{37B0AE2A-663A-4A86-A0F5-2A6AD1A826AB}.Debug|Any CPU.Build.0 = Debug|Any CPU
		{37B0AE2A-663A-4A86-A0F5-2A6AD1A826AB}.Release|Any CPU.ActiveCfg = Release|Any CPU
		{37B0AE2A-663A-4A86-A0F5-2A6AD1A826AB}.Release|Any CPU.Build.0 = Release|Any CPU
	EndGlobalSection
	GlobalSection(SolutionProperties) = preSolution
		HideSolutionNode = FALSE
	EndGlobalSection
	GlobalSection(ExtensibilityGlobals) = postSolution
		SolutionGuid = {D4372451-FF32-4C57-89FF-3A627F6FD252}
	EndGlobalSection
EndGlobal
