
Microsoft Visual Studio Solution File, Format Version 12.00
# Visual Studio Version 17
VisualStudioVersion = 17.1.32328.378
MinimumVisualStudioVersion = 10.0.40219.1
Project("{FAE04EC0-301F-11D3-BF4B-00C04F79EFBC}") = "ObjectOrientedProgramming_Ders1_Part3", "ObjectOrientedProgramming_Ders1_Part3\ObjectOrientedProgramming_Ders1_Part3.csproj", "{AA215348-0A83-4DD5-B1B1-22160086A457}"
EndProject
Global
	GlobalSection(SolutionConfigurationPlatforms) = preSolution
		Debug|Any CPU = Debug|Any CPU
		Release|Any CPU = Release|Any CPU
	EndGlobalSection
	GlobalSection(ProjectConfigurationPlatforms) = postSolution
		{AA215348-0A83-4DD5-B1B1-22160086A457}.Debug|Any CPU.ActiveCfg = Debug|Any CPU
		{AA215348-0A83-4DD5-B1B1-22160086A457}.Debug|Any CPU.Build.0 = Debug|Any CPU
		{AA215348-0A83-4DD5-B1B1-22160086A457}.Release|Any CPU.ActiveCfg = Release|Any CPU
		{AA215348-0A83-4DD5-B1B1-22160086A457}.Release|Any CPU.Build.0 = Release|Any CPU
	EndGlobalSection
	GlobalSection(SolutionProperties) = preSolution
		HideSolutionNode = FALSE
	EndGlobalSection
	GlobalSection(ExtensibilityGlobals) = postSolution
		SolutionGuid = {19C0D5FE-18B1-4D35-B5C3-3BE448B78B97}
	EndGlobalSection
EndGlobal
