
Microsoft Visual Studio Solution File, Format Version 12.00
# Visual Studio Version 17
VisualStudioVersion = 17.1.32210.238
MinimumVisualStudioVersion = 10.0.40219.1
Project("{FAE04EC0-301F-11D3-BF4B-00C04F79EFBC}") = "ConsoleProgramming_Ders2", "ConsoleProgramming_Ders2\ConsoleProgramming_Ders2.csproj", "{B4E9150B-4DEF-4032-B0E6-4605BA177FC2}"
EndProject
Global
	GlobalSection(SolutionConfigurationPlatforms) = preSolution
		Debug|Any CPU = Debug|Any CPU
		Release|Any CPU = Release|Any CPU
	EndGlobalSection
	GlobalSection(ProjectConfigurationPlatforms) = postSolution
		{B4E9150B-4DEF-4032-B0E6-4605BA177FC2}.Debug|Any CPU.ActiveCfg = Debug|Any CPU
		{B4E9150B-4DEF-4032-B0E6-4605BA177FC2}.Debug|Any CPU.Build.0 = Debug|Any CPU
		{B4E9150B-4DEF-4032-B0E6-4605BA177FC2}.Release|Any CPU.ActiveCfg = Release|Any CPU
		{B4E9150B-4DEF-4032-B0E6-4605BA177FC2}.Release|Any CPU.Build.0 = Release|Any CPU
	EndGlobalSection
	GlobalSection(SolutionProperties) = preSolution
		HideSolutionNode = FALSE
	EndGlobalSection
	GlobalSection(ExtensibilityGlobals) = postSolution
		SolutionGuid = {995D37D6-69A8-438E-84E2-CBE6ECD5E024}
	EndGlobalSection
EndGlobal
