
Microsoft Visual Studio Solution File, Format Version 12.00
# Visual Studio Version 17
VisualStudioVersion = 17.1.32328.378
MinimumVisualStudioVersion = 10.0.40219.1
Project("{FAE04EC0-301F-11D3-BF4B-00C04F79EFBC}") = "ObjectOrientedProgramming_Ders2_Part1", "ObjectOrientedProgramming_Ders2_Part1\ObjectOrientedProgramming_Ders2_Part1.csproj", "{67B4B553-60F7-4BEE-91C5-5D15B396AE8A}"
EndProject
Global
	GlobalSection(SolutionConfigurationPlatforms) = preSolution
		Debug|Any CPU = Debug|Any CPU
		Release|Any CPU = Release|Any CPU
	EndGlobalSection
	GlobalSection(ProjectConfigurationPlatforms) = postSolution
		{67B4B553-60F7-4BEE-91C5-5D15B396AE8A}.Debug|Any CPU.ActiveCfg = Debug|Any CPU
		{67B4B553-60F7-4BEE-91C5-5D15B396AE8A}.Debug|Any CPU.Build.0 = Debug|Any CPU
		{67B4B553-60F7-4BEE-91C5-5D15B396AE8A}.Release|Any CPU.ActiveCfg = Release|Any CPU
		{67B4B553-60F7-4BEE-91C5-5D15B396AE8A}.Release|Any CPU.Build.0 = Release|Any CPU
	EndGlobalSection
	GlobalSection(SolutionProperties) = preSolution
		HideSolutionNode = FALSE
	EndGlobalSection
	GlobalSection(ExtensibilityGlobals) = postSolution
		SolutionGuid = {3C9932D4-6E1F-4FE8-B3C6-5BA52266B9A9}
	EndGlobalSection
EndGlobal
