
Microsoft Visual Studio Solution File, Format Version 12.00
# Visual Studio Version 17
VisualStudioVersion = 17.1.32328.378
MinimumVisualStudioVersion = 10.0.40219.1
Project("{FAE04EC0-301F-11D3-BF4B-00C04F79EFBC}") = "EF_RentACarOrnegi", "EF_RentACarOrnegi\EF_RentACarOrnegi.csproj", "{1234BA7B-6C32-46EA-BC32-07E177B1DB3A}"
EndProject
Global
	GlobalSection(SolutionConfigurationPlatforms) = preSolution
		Debug|Any CPU = Debug|Any CPU
		Release|Any CPU = Release|Any CPU
	EndGlobalSection
	GlobalSection(ProjectConfigurationPlatforms) = postSolution
		{1234BA7B-6C32-46EA-BC32-07E177B1DB3A}.Debug|Any CPU.ActiveCfg = Debug|Any CPU
		{1234BA7B-6C32-46EA-BC32-07E177B1DB3A}.Debug|Any CPU.Build.0 = Debug|Any CPU
		{1234BA7B-6C32-46EA-BC32-07E177B1DB3A}.Release|Any CPU.ActiveCfg = Release|Any CPU
		{1234BA7B-6C32-46EA-BC32-07E177B1DB3A}.Release|Any CPU.Build.0 = Release|Any CPU
	EndGlobalSection
	GlobalSection(SolutionProperties) = preSolution
		HideSolutionNode = FALSE
	EndGlobalSection
	GlobalSection(ExtensibilityGlobals) = postSolution
		SolutionGuid = {37C63CF6-789C-491F-8F02-990A02736FCB}
	EndGlobalSection
EndGlobal
