
Microsoft Visual Studio Solution File, Format Version 12.00
# Visual Studio Version 17
VisualStudioVersion = 17.1.32328.378
MinimumVisualStudioVersion = 10.0.40219.1
Project("{FAE04EC0-301F-11D3-BF4B-00C04F79EFBC}") = "WinFormsApp_EF_Ders2_Part2", "WinFormsApp_EF_Ders2_Part2\WinFormsApp_EF_Ders2_Part2.csproj", "{0343F073-79FF-48F7-924E-78916390D331}"
EndProject
Global
	GlobalSection(SolutionConfigurationPlatforms) = preSolution
		Debug|Any CPU = Debug|Any CPU
		Release|Any CPU = Release|Any CPU
	EndGlobalSection
	GlobalSection(ProjectConfigurationPlatforms) = postSolution
		{0343F073-79FF-48F7-924E-78916390D331}.Debug|Any CPU.ActiveCfg = Debug|Any CPU
		{0343F073-79FF-48F7-924E-78916390D331}.Debug|Any CPU.Build.0 = Debug|Any CPU
		{0343F073-79FF-48F7-924E-78916390D331}.Release|Any CPU.ActiveCfg = Release|Any CPU
		{0343F073-79FF-48F7-924E-78916390D331}.Release|Any CPU.Build.0 = Release|Any CPU
	EndGlobalSection
	GlobalSection(SolutionProperties) = preSolution
		HideSolutionNode = FALSE
	EndGlobalSection
	GlobalSection(ExtensibilityGlobals) = postSolution
		SolutionGuid = {B29FEA04-6B84-4FE4-AC50-824BFB9BA898}
	EndGlobalSection
EndGlobal
