
Microsoft Visual Studio Solution File, Format Version 12.00
# Visual Studio Version 17
VisualStudioVersion = 17.1.32328.378
MinimumVisualStudioVersion = 10.0.40219.1
Project("{9A19103F-16F7-4668-BE54-9A1E7A4F7556}") = "AdoNet_Ders1_Part1", "AdoNet_Ders1_Part1\AdoNet_Ders1_Part1.csproj", "{3E93D742-3584-4C35-9456-9FFFAAF259A6}"
EndProject
Project("{FAE04EC0-301F-11D3-BF4B-00C04F79EFBC}") = "WindowsFormsApp1", "WindowsFormsApp1\WindowsFormsApp1.csproj", "{9AF31043-7709-4F2E-8748-AF617E59F5A7}"
EndProject
Project("{FAE04EC0-301F-11D3-BF4B-00C04F79EFBC}") = "WindowsFormsApp2", "WindowsFormsApp2\WindowsFormsApp2.csproj", "{9B279F1F-E1AC-4520-B2CA-9C84B1AFE296}"
EndProject
Project("{9A19103F-16F7-4668-BE54-9A1E7A4F7556}") = "WinFormsApp2Core", "WinFormsApp2Core\WinFormsApp2Core.csproj", "{38CE1615-308B-4AD5-A34A-3FF9427B6195}"
EndProject
Project("{FAE04EC0-301F-11D3-BF4B-00C04F79EFBC}") = "MyAdoHelper", "MyAdoHelper\MyAdoHelper.csproj", "{1B177EFD-0E9D-4523-9956-CDD3CED0CF51}"
EndProject
Project("{2150E333-8FDC-42A3-9474-1A3956D46DE8}") = "MyLibraries", "MyLibraries", "{CDDECD90-6A46-4A04-8C7D-A967D3DBB1A2}"
EndProject
Project("{FAE04EC0-301F-11D3-BF4B-00C04F79EFBC}") = "WinFormsApp3Core_TestMyAdoHelper", "WinFormsApp3Core_TestMyAdoHelper\WinFormsApp3Core_TestMyAdoHelper.csproj", "{07E2BEBC-2323-4622-8E98-7028B4D4ADDA}"
EndProject
Global
	GlobalSection(SolutionConfigurationPlatforms) = preSolution
		Debug|Any CPU = Debug|Any CPU
		Release|Any CPU = Release|Any CPU
	EndGlobalSection
	GlobalSection(ProjectConfigurationPlatforms) = postSolution
		{3E93D742-3584-4C35-9456-9FFFAAF259A6}.Debug|Any CPU.ActiveCfg = Debug|Any CPU
		{3E93D742-3584-4C35-9456-9FFFAAF259A6}.Debug|Any CPU.Build.0 = Debug|Any CPU
		{3E93D742-3584-4C35-9456-9FFFAAF259A6}.Release|Any CPU.ActiveCfg = Release|Any CPU
		{3E93D742-3584-4C35-9456-9FFFAAF259A6}.Release|Any CPU.Build.0 = Release|Any CPU
		{9AF31043-7709-4F2E-8748-AF617E59F5A7}.Debug|Any CPU.ActiveCfg = Debug|Any CPU
		{9AF31043-7709-4F2E-8748-AF617E59F5A7}.Debug|Any CPU.Build.0 = Debug|Any CPU
		{9AF31043-7709-4F2E-8748-AF617E59F5A7}.Release|Any CPU.ActiveCfg = Release|Any CPU
		{9AF31043-7709-4F2E-8748-AF617E59F5A7}.Release|Any CPU.Build.0 = Release|Any CPU
		{9B279F1F-E1AC-4520-B2CA-9C84B1AFE296}.Debug|Any CPU.ActiveCfg = Debug|Any CPU
		{9B279F1F-E1AC-4520-B2CA-9C84B1AFE296}.Debug|Any CPU.Build.0 = Debug|Any CPU
		{9B279F1F-E1AC-4520-B2CA-9C84B1AFE296}.Release|Any CPU.ActiveCfg = Release|Any CPU
		{9B279F1F-E1AC-4520-B2CA-9C84B1AFE296}.Release|Any CPU.Build.0 = Release|Any CPU
		{38CE1615-308B-4AD5-A34A-3FF9427B6195}.Debug|Any CPU.ActiveCfg = Debug|Any CPU
		{38CE1615-308B-4AD5-A34A-3FF9427B6195}.Debug|Any CPU.Build.0 = Debug|Any CPU
		{38CE1615-308B-4AD5-A34A-3FF9427B6195}.Release|Any CPU.ActiveCfg = Release|Any CPU
		{38CE1615-308B-4AD5-A34A-3FF9427B6195}.Release|Any CPU.Build.0 = Release|Any CPU
		{1B177EFD-0E9D-4523-9956-CDD3CED0CF51}.Debug|Any CPU.ActiveCfg = Debug|Any CPU
		{1B177EFD-0E9D-4523-9956-CDD3CED0CF51}.Debug|Any CPU.Build.0 = Debug|Any CPU
		{1B177EFD-0E9D-4523-9956-CDD3CED0CF51}.Release|Any CPU.ActiveCfg = Release|Any CPU
		{1B177EFD-0E9D-4523-9956-CDD3CED0CF51}.Release|Any CPU.Build.0 = Release|Any CPU
		{07E2BEBC-2323-4622-8E98-7028B4D4ADDA}.Debug|Any CPU.ActiveCfg = Debug|Any CPU
		{07E2BEBC-2323-4622-8E98-7028B4D4ADDA}.Debug|Any CPU.Build.0 = Debug|Any CPU
		{07E2BEBC-2323-4622-8E98-7028B4D4ADDA}.Release|Any CPU.ActiveCfg = Release|Any CPU
		{07E2BEBC-2323-4622-8E98-7028B4D4ADDA}.Release|Any CPU.Build.0 = Release|Any CPU
	EndGlobalSection
	GlobalSection(SolutionProperties) = preSolution
		HideSolutionNode = FALSE
	EndGlobalSection
	GlobalSection(NestedProjects) = preSolution
		{1B177EFD-0E9D-4523-9956-CDD3CED0CF51} = {CDDECD90-6A46-4A04-8C7D-A967D3DBB1A2}
	EndGlobalSection
	GlobalSection(ExtensibilityGlobals) = postSolution
		SolutionGuid = {8E2035C7-15B3-471B-A346-E3F2896586D7}
	EndGlobalSection
EndGlobal
