
Microsoft Visual Studio Solution File, Format Version 12.00
# Visual Studio Version 17
VisualStudioVersion = 17.2.32602.215
MinimumVisualStudioVersion = 10.0.40219.1
Project("{9A19103F-16F7-4668-BE54-9A1E7A4F7556}") = "WebApplication1", "WebApplication1\WebApplication1.csproj", "{6FD3890C-EDAE-400D-AF9D-CBB55CF00C05}"
EndProject
Project("{9A19103F-16F7-4668-BE54-9A1E7A4F7556}") = "WebApplication2", "WebApplication2\WebApplication2.csproj", "{670944A2-A7DD-4FEE-A75D-9D7008AF30D9}"
EndProject
Global
	GlobalSection(SolutionConfigurationPlatforms) = preSolution
		Debug|Any CPU = Debug|Any CPU
		Release|Any CPU = Release|Any CPU
	EndGlobalSection
	GlobalSection(ProjectConfigurationPlatforms) = postSolution
		{6FD3890C-EDAE-400D-AF9D-CBB55CF00C05}.Debug|Any CPU.ActiveCfg = Debug|Any CPU
		{6FD3890C-EDAE-400D-AF9D-CBB55CF00C05}.Debug|Any CPU.Build.0 = Debug|Any CPU
		{6FD3890C-EDAE-400D-AF9D-CBB55CF00C05}.Release|Any CPU.ActiveCfg = Release|Any CPU
		{6FD3890C-EDAE-400D-AF9D-CBB55CF00C05}.Release|Any CPU.Build.0 = Release|Any CPU
		{670944A2-A7DD-4FEE-A75D-9D7008AF30D9}.Debug|Any CPU.ActiveCfg = Debug|Any CPU
		{670944A2-A7DD-4FEE-A75D-9D7008AF30D9}.Debug|Any CPU.Build.0 = Debug|Any CPU
		{670944A2-A7DD-4FEE-A75D-9D7008AF30D9}.Release|Any CPU.ActiveCfg = Release|Any CPU
		{670944A2-A7DD-4FEE-A75D-9D7008AF30D9}.Release|Any CPU.Build.0 = Release|Any CPU
	EndGlobalSection
	GlobalSection(SolutionProperties) = preSolution
		HideSolutionNode = FALSE
	EndGlobalSection
	GlobalSection(ExtensibilityGlobals) = postSolution
		SolutionGuid = {0688AC8B-CECA-4E3D-A327-5451F02A327D}
	EndGlobalSection
EndGlobal
