
Microsoft Visual Studio Solution File, Format Version 12.00
# Visual Studio Version 17
VisualStudioVersion = 17.1.32328.378
MinimumVisualStudioVersion = 10.0.40219.1
Project("{FAE04EC0-301F-11D3-BF4B-00C04F79EFBC}") = "WebApplication1", "WebApplication1\WebApplication1.csproj", "{2A62E31A-E47C-4DAB-BE03-36DC6D512ECA}"
EndProject
Global
	GlobalSection(SolutionConfigurationPlatforms) = preSolution
		Debug|Any CPU = Debug|Any CPU
		Release|Any CPU = Release|Any CPU
	EndGlobalSection
	GlobalSection(ProjectConfigurationPlatforms) = postSolution
		{2A62E31A-E47C-4DAB-BE03-36DC6D512ECA}.Debug|Any CPU.ActiveCfg = Debug|Any CPU
		{2A62E31A-E47C-4DAB-BE03-36DC6D512ECA}.Debug|Any CPU.Build.0 = Debug|Any CPU
		{2A62E31A-E47C-4DAB-BE03-36DC6D512ECA}.Release|Any CPU.ActiveCfg = Release|Any CPU
		{2A62E31A-E47C-4DAB-BE03-36DC6D512ECA}.Release|Any CPU.Build.0 = Release|Any CPU
	EndGlobalSection
	GlobalSection(SolutionProperties) = preSolution
		HideSolutionNode = FALSE
	EndGlobalSection
	GlobalSection(ExtensibilityGlobals) = postSolution
		SolutionGuid = {814D0583-5067-42DF-BA01-3D67F37753B1}
	EndGlobalSection
EndGlobal
