
Microsoft Visual Studio Solution File, Format Version 12.00
# Visual Studio Version 17
VisualStudioVersion = 17.1.32328.378
MinimumVisualStudioVersion = 10.0.40219.1
Project("{FAE04EC0-301F-11D3-BF4B-00C04F79EFBC}") = "ObjectOrientedProgramming_Ders1_Part2", "ObjectOrientedProgramming_Ders1_Part2\ObjectOrientedProgramming_Ders1_Part2.csproj", "{683CB5F2-0CEE-402D-8F55-D38E2E3209DA}"
EndProject
Global
	GlobalSection(SolutionConfigurationPlatforms) = preSolution
		Debug|Any CPU = Debug|Any CPU
		Release|Any CPU = Release|Any CPU
	EndGlobalSection
	GlobalSection(ProjectConfigurationPlatforms) = postSolution
		{683CB5F2-0CEE-402D-8F55-D38E2E3209DA}.Debug|Any CPU.ActiveCfg = Debug|Any CPU
		{683CB5F2-0CEE-402D-8F55-D38E2E3209DA}.Debug|Any CPU.Build.0 = Debug|Any CPU
		{683CB5F2-0CEE-402D-8F55-D38E2E3209DA}.Release|Any CPU.ActiveCfg = Release|Any CPU
		{683CB5F2-0CEE-402D-8F55-D38E2E3209DA}.Release|Any CPU.Build.0 = Release|Any CPU
	EndGlobalSection
	GlobalSection(SolutionProperties) = preSolution
		HideSolutionNode = FALSE
	EndGlobalSection
	GlobalSection(ExtensibilityGlobals) = postSolution
		SolutionGuid = {F3CCE60F-A7F7-41FC-ABAD-D3F3CADBE362}
	EndGlobalSection
EndGlobal
