
Microsoft Visual Studio Solution File, Format Version 12.00
# Visual Studio Version 17
VisualStudioVersion = 17.1.32328.378
MinimumVisualStudioVersion = 10.0.40219.1
Project("{FAE04EC0-301F-11D3-BF4B-00C04F79EFBC}") = "WebApplication1", "WebApplication1\WebApplication1.csproj", "{D0766D01-CA3D-4317-9262-CCE81D82D1C9}"
EndProject
Global
	GlobalSection(SolutionConfigurationPlatforms) = preSolution
		Debug|Any CPU = Debug|Any CPU
		Release|Any CPU = Release|Any CPU
	EndGlobalSection
	GlobalSection(ProjectConfigurationPlatforms) = postSolution
		{D0766D01-CA3D-4317-9262-CCE81D82D1C9}.Debug|Any CPU.ActiveCfg = Debug|Any CPU
		{D0766D01-CA3D-4317-9262-CCE81D82D1C9}.Debug|Any CPU.Build.0 = Debug|Any CPU
		{D0766D01-CA3D-4317-9262-CCE81D82D1C9}.Release|Any CPU.ActiveCfg = Release|Any CPU
		{D0766D01-CA3D-4317-9262-CCE81D82D1C9}.Release|Any CPU.Build.0 = Release|Any CPU
	EndGlobalSection
	GlobalSection(SolutionProperties) = preSolution
		HideSolutionNode = FALSE
	EndGlobalSection
	GlobalSection(ExtensibilityGlobals) = postSolution
		SolutionGuid = {6C924201-364B-4D27-9CF5-B30C376EC07A}
	EndGlobalSection
EndGlobal
